
Microsoft Visual Studio Solution File, Format Version 12.00
# Visual Studio 15
VisualStudioVersion = 15.0.28307.421
MinimumVisualStudioVersion = 10.0.40219.1
Project("{FAE04EC0-301F-11D3-BF4B-00C04F79EFBC}") = "InvokeServices", "InvokeServices\InvokeServices.csproj", "{F957A99E-3E26-428F-97A6-63EF56CA726C}"
EndProject
Global
	GlobalSection(SolutionConfigurationPlatforms) = preSolution
		Debug|Any CPU = Debug|Any CPU
		Release|Any CPU = Release|Any CPU
	EndGlobalSection
	GlobalSection(ProjectConfigurationPlatforms) = postSolution
		{F957A99E-3E26-428F-97A6-63EF56CA726C}.Debug|Any CPU.ActiveCfg = Debug|Any CPU
		{F957A99E-3E26-428F-97A6-63EF56CA726C}.Debug|Any CPU.Build.0 = Debug|Any CPU
		{F957A99E-3E26-428F-97A6-63EF56CA726C}.Release|Any CPU.ActiveCfg = Release|Any CPU
		{F957A99E-3E26-428F-97A6-63EF56CA726C}.Release|Any CPU.Build.0 = Release|Any CPU
	EndGlobalSection
	GlobalSection(SolutionProperties) = preSolution
		HideSolutionNode = FALSE
	EndGlobalSection
	GlobalSection(ExtensibilityGlobals) = postSolution
		SolutionGuid = {E470F0D4-40FC-4A8E-8C2B-74A498DDF73F}
	EndGlobalSection
EndGlobal
